
Microsoft Visual Studio Solution File, Format Version 12.00
# Visual Studio Version 17
VisualStudioVersion = 17.10.34916.146
MinimumVisualStudioVersion = 10.0.40219.1
Project("{FAE04EC0-301F-11D3-BF4B-00C04F79EFBC}") = "PatchRapportering", "PatchRapportering.csproj", "{4E8F79E1-BB73-45C7-9E8D-F256856298F9}"
EndProject
Global
	GlobalSection(SolutionConfigurationPlatforms) = preSolution
		Debug|Any CPU = Debug|Any CPU
		Release|Any CPU = Release|Any CPU
	EndGlobalSection
	GlobalSection(ProjectConfigurationPlatforms) = postSolution
		{4E8F79E1-BB73-45C7-9E8D-F256856298F9}.Debug|Any CPU.ActiveCfg = Debug|Any CPU
		{4E8F79E1-BB73-45C7-9E8D-F256856298F9}.Debug|Any CPU.Build.0 = Debug|Any CPU
		{4E8F79E1-BB73-45C7-9E8D-F256856298F9}.Release|Any CPU.ActiveCfg = Release|Any CPU
		{4E8F79E1-BB73-45C7-9E8D-F256856298F9}.Release|Any CPU.Build.0 = Release|Any CPU
	EndGlobalSection
	GlobalSection(SolutionProperties) = preSolution
		HideSolutionNode = FALSE
	EndGlobalSection
	GlobalSection(ExtensibilityGlobals) = postSolution
		SolutionGuid = {528956C2-F314-4392-8B8E-62AB419E0907}
	EndGlobalSection
EndGlobal
